
Microsoft Visual Studio Solution File, Format Version 12.00
# Visual Studio Version 16
VisualStudioVersion = 16.0.29613.14
MinimumVisualStudioVersion = 10.0.40219.1
Project("{FAE04EC0-301F-11D3-BF4B-00C04F79EFBC}") = "Orion", "Orion\Orion.csproj", "{229091D4-CD0F-4325-B5F4-10748D530DF5}"
EndProject
Project("{FAE04EC0-301F-11D3-BF4B-00C04F79EFBC}") = "OrionUpdate", "OrionUpdate\OrionUpdate.csproj", "{969848AD-BCF1-4F05-9F64-400C57EC9C0B}"
EndProject
Global
	GlobalSection(SolutionConfigurationPlatforms) = preSolution
		Debug|Any CPU = Debug|Any CPU
		Debug|x64 = Debug|x64
		Debug|x86 = Debug|x86
		ReleaseAny|Any CPU = ReleaseAny|Any CPU
		ReleaseAny|x64 = ReleaseAny|x64
		ReleaseAny|x86 = ReleaseAny|x86
	EndGlobalSection
	GlobalSection(ProjectConfigurationPlatforms) = postSolution
		{229091D4-CD0F-4325-B5F4-10748D530DF5}.Debug|Any CPU.ActiveCfg = Debug|Any CPU
		{229091D4-CD0F-4325-B5F4-10748D530DF5}.Debug|Any CPU.Build.0 = Debug|Any CPU
		{229091D4-CD0F-4325-B5F4-10748D530DF5}.Debug|x64.ActiveCfg = Debug|x64
		{229091D4-CD0F-4325-B5F4-10748D530DF5}.Debug|x64.Build.0 = Debug|x64
		{229091D4-CD0F-4325-B5F4-10748D530DF5}.Debug|x86.ActiveCfg = Debug|Any CPU
		{229091D4-CD0F-4325-B5F4-10748D530DF5}.Debug|x86.Build.0 = Debug|Any CPU
		{229091D4-CD0F-4325-B5F4-10748D530DF5}.ReleaseAny|Any CPU.ActiveCfg = ReleaseAny|Any CPU
		{229091D4-CD0F-4325-B5F4-10748D530DF5}.ReleaseAny|Any CPU.Build.0 = ReleaseAny|Any CPU
		{229091D4-CD0F-4325-B5F4-10748D530DF5}.ReleaseAny|x64.ActiveCfg = ReleaseAny|x64
		{229091D4-CD0F-4325-B5F4-10748D530DF5}.ReleaseAny|x64.Build.0 = ReleaseAny|x64
		{229091D4-CD0F-4325-B5F4-10748D530DF5}.ReleaseAny|x86.ActiveCfg = ReleaseAny|Any CPU
		{229091D4-CD0F-4325-B5F4-10748D530DF5}.ReleaseAny|x86.Build.0 = ReleaseAny|Any CPU
		{969848AD-BCF1-4F05-9F64-400C57EC9C0B}.Debug|Any CPU.ActiveCfg = Debug|Any CPU
		{969848AD-BCF1-4F05-9F64-400C57EC9C0B}.Debug|Any CPU.Build.0 = Debug|Any CPU
		{969848AD-BCF1-4F05-9F64-400C57EC9C0B}.Debug|x64.ActiveCfg = Debug|Any CPU
		{969848AD-BCF1-4F05-9F64-400C57EC9C0B}.Debug|x64.Build.0 = Debug|Any CPU
		{969848AD-BCF1-4F05-9F64-400C57EC9C0B}.Debug|x86.ActiveCfg = Debug|Any CPU
		{969848AD-BCF1-4F05-9F64-400C57EC9C0B}.Debug|x86.Build.0 = Debug|Any CPU
		{969848AD-BCF1-4F05-9F64-400C57EC9C0B}.ReleaseAny|Any CPU.ActiveCfg = ReleaseAny|Any CPU
		{969848AD-BCF1-4F05-9F64-400C57EC9C0B}.ReleaseAny|Any CPU.Build.0 = ReleaseAny|Any CPU
		{969848AD-BCF1-4F05-9F64-400C57EC9C0B}.ReleaseAny|x64.ActiveCfg = ReleaseAny|Any CPU
		{969848AD-BCF1-4F05-9F64-400C57EC9C0B}.ReleaseAny|x64.Build.0 = ReleaseAny|Any CPU
		{969848AD-BCF1-4F05-9F64-400C57EC9C0B}.ReleaseAny|x86.ActiveCfg = ReleaseAny|Any CPU
		{969848AD-BCF1-4F05-9F64-400C57EC9C0B}.ReleaseAny|x86.Build.0 = ReleaseAny|Any CPU
	EndGlobalSection
	GlobalSection(SolutionProperties) = preSolution
		HideSolutionNode = FALSE
	EndGlobalSection
	GlobalSection(ExtensibilityGlobals) = postSolution
		SolutionGuid = {CF0754CB-8A73-4799-B3D4-2E6FB3F090FB}
	EndGlobalSection
EndGlobal
